# THIS IS AN AUTOGENERATED FILE. DO NOT EDIT THIS FILE DIRECTLY.
# yarn lockfile v1


complex.js@2.0.1:
  version "2.0.1"
  resolved "https://registry.yarnpkg.com/complex.js/-/complex.js-2.0.1.tgz#ea90c7a05aeceaf3a376d2c0f6a78421727d6879"

decimal.js@5.0.8:
  version "5.0.8"
  resolved "https://registry.yarnpkg.com/decimal.js/-/decimal.js-5.0.8.tgz#b48c3fb7d73a2d4d4940e0b38f1cd21db5b367ce"

eve-raphael@0.5.0:
  version "0.5.0"
  resolved "https://registry.yarnpkg.com/eve-raphael/-/eve-raphael-0.5.0.tgz#17c754b792beef3fa6684d79cf5a47c63c4cda30"

fraction.js@3.3.1:
  version "3.3.1"
  resolved "http://registry.npmjs.org/fraction.js/-/fraction.js-3.3.1.tgz#5d6a31ff07707294f204ccbb6b53791607771083"

mathjs@^3.8.0:
  version "3.8.0"
  resolved "https://registry.yarnpkg.com/mathjs/-/mathjs-3.8.0.tgz#232af4871e4e8249f5b46a98ede7deae92026634"
  dependencies:
    complex.js "2.0.1"
    decimal.js "5.0.8"
    fraction.js "3.3.1"
    tiny-emitter "1.0.2"
    typed-function "0.10.5"

raphael@^2.2.7:
  version "2.2.7"
  resolved "https://registry.yarnpkg.com/raphael/-/raphael-2.2.7.tgz#231b19141f8d086986d8faceb66f8b562ee2c810"
  dependencies:
    eve-raphael "0.5.0"

tiny-emitter@1.0.2:
  version "1.0.2"
  resolved "https://registry.yarnpkg.com/tiny-emitter/-/tiny-emitter-1.0.2.tgz#8e49470d3f55f89e247210368a6bb9fb51aa1601"

typed-function@0.10.5:
  version "0.10.5"
  resolved "https://registry.yarnpkg.com/typed-function/-/typed-function-0.10.5.tgz#2e0f18abd065219fab694a446a65c6d1981832c0"
